
Microsoft Visual Studio Solution File, Format Version 12.00
# Visual Studio Version 17
VisualStudioVersion = 17.14.36811.4 d17.14
MinimumVisualStudioVersion = 10.0.40219.1
Project("{FAE04EC0-301F-11D3-BF4B-00C04F79EFBC}") = "PRACT1718", "PRACT1718\PRACT1718.csproj", "{492D8372-C8F1-4225-8E70-A5D2F8DCF90D}"
EndProject
Global
	GlobalSection(SolutionConfigurationPlatforms) = preSolution
		Debug|Any CPU = Debug|Any CPU
		Release|Any CPU = Release|Any CPU
	EndGlobalSection
	GlobalSection(ProjectConfigurationPlatforms) = postSolution
		{492D8372-C8F1-4225-8E70-A5D2F8DCF90D}.Debug|Any CPU.ActiveCfg = Debug|Any CPU
		{492D8372-C8F1-4225-8E70-A5D2F8DCF90D}.Debug|Any CPU.Build.0 = Debug|Any CPU
		{492D8372-C8F1-4225-8E70-A5D2F8DCF90D}.Release|Any CPU.ActiveCfg = Release|Any CPU
		{492D8372-C8F1-4225-8E70-A5D2F8DCF90D}.Release|Any CPU.Build.0 = Release|Any CPU
	EndGlobalSection
	GlobalSection(SolutionProperties) = preSolution
		HideSolutionNode = FALSE
	EndGlobalSection
	GlobalSection(ExtensibilityGlobals) = postSolution
		SolutionGuid = {2E5E3581-B7A0-4B62-AED7-134C7762F3A8}
	EndGlobalSection
EndGlobal
